
Microsoft Visual Studio Solution File, Format Version 12.00
# Visual Studio Version 16
VisualStudioVersion = 16.0.30114.105
MinimumVisualStudioVersion = 10.0.40219.1
Project("{FAE04EC0-301F-11D3-BF4B-00C04F79EFBC}") = "MainApp", "MainApp\MainApp.csproj", "{7280A53D-0AF3-420E-926D-CE0718E390FA}"
EndProject
Project("{FAE04EC0-301F-11D3-BF4B-00C04F79EFBC}") = "Domain", "Domain\Domain.csproj", "{8D12A406-817D-409A-9E5E-454958A10BE1}"
EndProject
Project("{FAE04EC0-301F-11D3-BF4B-00C04F79EFBC}") = "Infrastructure", "Infrastructure\Infrastructure.csproj", "{20D19086-7A77-46F3-BE2D-960A7EF1F48D}"
EndProject
Global
	GlobalSection(SolutionConfigurationPlatforms) = preSolution
		Debug|Any CPU = Debug|Any CPU
		Release|Any CPU = Release|Any CPU
	EndGlobalSection
	GlobalSection(SolutionProperties) = preSolution
		HideSolutionNode = FALSE
	EndGlobalSection
	GlobalSection(ProjectConfigurationPlatforms) = postSolution
		{7280A53D-0AF3-420E-926D-CE0718E390FA}.Debug|Any CPU.ActiveCfg = Debug|Any CPU
		{7280A53D-0AF3-420E-926D-CE0718E390FA}.Debug|Any CPU.Build.0 = Debug|Any CPU
		{7280A53D-0AF3-420E-926D-CE0718E390FA}.Release|Any CPU.ActiveCfg = Release|Any CPU
		{7280A53D-0AF3-420E-926D-CE0718E390FA}.Release|Any CPU.Build.0 = Release|Any CPU
		{8D12A406-817D-409A-9E5E-454958A10BE1}.Debug|Any CPU.ActiveCfg = Debug|Any CPU
		{8D12A406-817D-409A-9E5E-454958A10BE1}.Debug|Any CPU.Build.0 = Debug|Any CPU
		{8D12A406-817D-409A-9E5E-454958A10BE1}.Release|Any CPU.ActiveCfg = Release|Any CPU
		{8D12A406-817D-409A-9E5E-454958A10BE1}.Release|Any CPU.Build.0 = Release|Any CPU
		{20D19086-7A77-46F3-BE2D-960A7EF1F48D}.Debug|Any CPU.ActiveCfg = Debug|Any CPU
		{20D19086-7A77-46F3-BE2D-960A7EF1F48D}.Debug|Any CPU.Build.0 = Debug|Any CPU
		{20D19086-7A77-46F3-BE2D-960A7EF1F48D}.Release|Any CPU.ActiveCfg = Release|Any CPU
		{20D19086-7A77-46F3-BE2D-960A7EF1F48D}.Release|Any CPU.Build.0 = Release|Any CPU
	EndGlobalSection
EndGlobal
